
Microsoft Visual Studio Solution File, Format Version 12.00
# Visual Studio Version 17
VisualStudioVersion = 17.9.34723.18
MinimumVisualStudioVersion = 10.0.40219.1
Project("{FAE04EC0-301F-11D3-BF4B-00C04F79EFBC}") = "API", "API\API.csproj", "{D52C2AAE-D061-4C23-B82F-0620BE50A032}"
EndProject
Project("{FAE04EC0-301F-11D3-BF4B-00C04F79EFBC}") = "Data", "Data\Data.csproj", "{652593C6-5F10-4779-BE8A-92C032690008}"
EndProject
Project("{FAE04EC0-301F-11D3-BF4B-00C04F79EFBC}") = "Models", "Models\Models.csproj", "{E9A16D77-7015-4A82-A30F-AF8778F941F9}"
EndProject
Global
	GlobalSection(SolutionConfigurationPlatforms) = preSolution
		Debug|Any CPU = Debug|Any CPU
		Release|Any CPU = Release|Any CPU
	EndGlobalSection
	GlobalSection(ProjectConfigurationPlatforms) = postSolution
		{D52C2AAE-D061-4C23-B82F-0620BE50A032}.Debug|Any CPU.ActiveCfg = Debug|Any CPU
		{D52C2AAE-D061-4C23-B82F-0620BE50A032}.Debug|Any CPU.Build.0 = Debug|Any CPU
		{D52C2AAE-D061-4C23-B82F-0620BE50A032}.Release|Any CPU.ActiveCfg = Release|Any CPU
		{D52C2AAE-D061-4C23-B82F-0620BE50A032}.Release|Any CPU.Build.0 = Release|Any CPU
		{652593C6-5F10-4779-BE8A-92C032690008}.Debug|Any CPU.ActiveCfg = Debug|Any CPU
		{652593C6-5F10-4779-BE8A-92C032690008}.Debug|Any CPU.Build.0 = Debug|Any CPU
		{652593C6-5F10-4779-BE8A-92C032690008}.Release|Any CPU.ActiveCfg = Release|Any CPU
		{652593C6-5F10-4779-BE8A-92C032690008}.Release|Any CPU.Build.0 = Release|Any CPU
		{E9A16D77-7015-4A82-A30F-AF8778F941F9}.Debug|Any CPU.ActiveCfg = Debug|Any CPU
		{E9A16D77-7015-4A82-A30F-AF8778F941F9}.Debug|Any CPU.Build.0 = Debug|Any CPU
		{E9A16D77-7015-4A82-A30F-AF8778F941F9}.Release|Any CPU.ActiveCfg = Release|Any CPU
		{E9A16D77-7015-4A82-A30F-AF8778F941F9}.Release|Any CPU.Build.0 = Release|Any CPU
	EndGlobalSection
	GlobalSection(SolutionProperties) = preSolution
		HideSolutionNode = FALSE
	EndGlobalSection
	GlobalSection(ExtensibilityGlobals) = postSolution
		SolutionGuid = {8AB31634-B944-4C74-94DB-DED9EB9B55A3}
	EndGlobalSection
EndGlobal
